// !$*UTF8*$!
{
	archiveVersion = 1;
	classes = {
	};
	objectVersion = 56;
	objects = {

/* Begin PBXBuildFile section */
		ED90EAFB2B36F52300E26254 /* HeadwayApp.swift in Sources */ = {isa = PBXBuildFile; fileRef = ED90EAFA2B36F52300E26254 /* HeadwayApp.swift */; };
		ED90EAFF2B36F52400E26254 /* Assets.xcassets in Resources */ = {isa = PBXBuildFile; fileRef = ED90EAFE2B36F52400E26254 /* Assets.xcassets */; };
		ED90EB022B36F52400E26254 /* Preview Assets.xcassets in Resources */ = {isa = PBXBuildFile; fileRef = ED90EB012B36F52400E26254 /* Preview Assets.xcassets */; };
		ED90EB0C2B36F52400E26254 /* HeadwayTests.swift in Sources */ = {isa = PBXBuildFile; fileRef = ED90EB0B2B36F52400E26254 /* HeadwayTests.swift */; };
		ED90EB162B36F52400E26254 /* HeadwayUITests.swift in Sources */ = {isa = PBXBuildFile; fileRef = ED90EB152B36F52400E26254 /* HeadwayUITests.swift */; };
		ED90EB182B36F52400E26254 /* HeadwayUITestsLaunchTests.swift in Sources */ = {isa = PBXBuildFile; fileRef = ED90EB172B36F52400E26254 /* HeadwayUITestsLaunchTests.swift */; };
		ED90EB272B36F5B800E26254 /* Book.swift in Sources */ = {isa = PBXBuildFile; fileRef = ED90EB262B36F5B800E26254 /* Book.swift */; };
		ED90EB2A2B36F68F00E26254 /* LaunchView.swift in Sources */ = {isa = PBXBuildFile; fileRef = ED90EB292B36F68F00E26254 /* LaunchView.swift */; };
		ED90EB322B36FB2800E26254 /* ComposableArchitecture in Frameworks */ = {isa = PBXBuildFile; productRef = ED90EB312B36FB2800E26254 /* ComposableArchitecture */; };
		ED90EB352B36FC4100E26254 /* RootView.swift in Sources */ = {isa = PBXBuildFile; fileRef = ED90EB342B36FC4100E26254 /* RootView.swift */; };
		ED90EB372B36FC4D00E26254 /* RootReducer.swift in Sources */ = {isa = PBXBuildFile; fileRef = ED90EB362B36FC4D00E26254 /* RootReducer.swift */; };
		ED90EB432B370FC500E26254 /* BookDetailsView.swift in Sources */ = {isa = PBXBuildFile; fileRef = ED90EB422B370FC400E26254 /* BookDetailsView.swift */; };
		ED90EB512B3729E700E26254 /* 1.chapter_1.mp3 in Resources */ = {isa = PBXBuildFile; fileRef = ED90EB482B3729E600E26254 /* 1.chapter_1.mp3 */; };
		ED90EB522B3729E700E26254 /* 1.chapter_5.mp3 in Resources */ = {isa = PBXBuildFile; fileRef = ED90EB492B3729E600E26254 /* 1.chapter_5.mp3 */; };
		ED90EB532B3729E700E26254 /* 1.chapter_7.mp3 in Resources */ = {isa = PBXBuildFile; fileRef = ED90EB4A2B3729E700E26254 /* 1.chapter_7.mp3 */; };
		ED90EB542B3729E700E26254 /* 1.chapter_8.mp3 in Resources */ = {isa = PBXBuildFile; fileRef = ED90EB4B2B3729E700E26254 /* 1.chapter_8.mp3 */; };
		ED90EB552B3729E700E26254 /* 1.introduction_0.mp3 in Resources */ = {isa = PBXBuildFile; fileRef = ED90EB4C2B3729E700E26254 /* 1.introduction_0.mp3 */; };
		ED90EB562B3729E700E26254 /* 1.chapter_6.mp3 in Resources */ = {isa = PBXBuildFile; fileRef = ED90EB4D2B3729E700E26254 /* 1.chapter_6.mp3 */; };
		ED90EB572B3729E700E26254 /* 1.chapter_2.mp3 in Resources */ = {isa = PBXBuildFile; fileRef = ED90EB4E2B3729E700E26254 /* 1.chapter_2.mp3 */; };
		ED90EB582B3729E700E26254 /* 1.chapter_3.mp3 in Resources */ = {isa = PBXBuildFile; fileRef = ED90EB4F2B3729E700E26254 /* 1.chapter_3.mp3 */; };
		ED90EB592B3729E700E26254 /* 1.chapter_4.mp3 in Resources */ = {isa = PBXBuildFile; fileRef = ED90EB502B3729E700E26254 /* 1.chapter_4.mp3 */; };
		ED90EB5C2B372A3F00E26254 /* BookDetailsRepository.swift in Sources */ = {isa = PBXBuildFile; fileRef = ED90EB5B2B372A3F00E26254 /* BookDetailsRepository.swift */; };
		ED90EB5E2B372EB700E26254 /* BookDetailsReducer.swift in Sources */ = {isa = PBXBuildFile; fileRef = ED90EB5D2B372EB700E26254 /* BookDetailsReducer.swift */; };
		ED90EB622B3772DE00E26254 /* AudioPlayerClient.swift in Sources */ = {isa = PBXBuildFile; fileRef = ED90EB612B3772DE00E26254 /* AudioPlayerClient.swift */; };
		ED90EB642B38E03A00E26254 /* Playlist.swift in Sources */ = {isa = PBXBuildFile; fileRef = ED90EB632B38E03A00E26254 /* Playlist.swift */; };
		ED90EB662B38E04D00E26254 /* Audio.swift in Sources */ = {isa = PBXBuildFile; fileRef = ED90EB652B38E04D00E26254 /* Audio.swift */; };
		ED90EB682B38E09F00E26254 /* FileType.swift in Sources */ = {isa = PBXBuildFile; fileRef = ED90EB672B38E09F00E26254 /* FileType.swift */; };
		ED90EB6B2B38E14900E26254 /* TimeInterval+Extensions.swift in Sources */ = {isa = PBXBuildFile; fileRef = ED90EB6A2B38E14900E26254 /* TimeInterval+Extensions.swift */; };
		ED90EB702B38F12E00E26254 /* PlayerState.swift in Sources */ = {isa = PBXBuildFile; fileRef = ED90EB6F2B38F12E00E26254 /* PlayerState.swift */; };
		ED90EB722B38F1C300E26254 /* AudioInfoState+PlaybackSpeed.swift in Sources */ = {isa = PBXBuildFile; fileRef = ED90EB712B38F1C300E26254 /* AudioInfoState+PlaybackSpeed.swift */; };
		ED90EB742B38F23000E26254 /* AudioInfoState+Slider.swift in Sources */ = {isa = PBXBuildFile; fileRef = ED90EB732B38F23000E26254 /* AudioInfoState+Slider.swift */; };
		ED90EB762B38F31C00E26254 /* PlayerControlsReducer+Audio.swift in Sources */ = {isa = PBXBuildFile; fileRef = ED90EB752B38F31C00E26254 /* PlayerControlsReducer+Audio.swift */; };
		ED90EB782B38F36700E26254 /* PlayerControlsReducer+AudioInfoState.swift in Sources */ = {isa = PBXBuildFile; fileRef = ED90EB772B38F36700E26254 /* PlayerControlsReducer+AudioInfoState.swift */; };
		ED90EB7A2B38F42000E26254 /* PlayerControlsReducer+PlayerAction.swift in Sources */ = {isa = PBXBuildFile; fileRef = ED90EB792B38F42000E26254 /* PlayerControlsReducer+PlayerAction.swift */; };
		ED90EB7D2B397D2400E26254 /* AudioPlayerClient+Extensions.swift in Sources */ = {isa = PBXBuildFile; fileRef = ED90EB7C2B397D2400E26254 /* AudioPlayerClient+Extensions.swift */; };
		ED90EB802B397E5200E26254 /* PlayerControlsView.swift in Sources */ = {isa = PBXBuildFile; fileRef = ED90EB7F2B397E5200E26254 /* PlayerControlsView.swift */; };
		ED90EB822B397EC900E26254 /* PlayerControlsReducer.swift in Sources */ = {isa = PBXBuildFile; fileRef = ED90EB812B397EC900E26254 /* PlayerControlsReducer.swift */; };
		ED9D0F712B39993C00E17618 /* PlayerControlsView+Extensions.swift in Sources */ = {isa = PBXBuildFile; fileRef = ED9D0F702B39993C00E17618 /* PlayerControlsView+Extensions.swift */; };
/* End PBXBuildFile section */

/* Begin PBXContainerItemProxy section */
		ED90EB082B36F52400E26254 /* PBXContainerItemProxy */ = {
			isa = PBXContainerItemProxy;
			containerPortal = ED90EAEF2B36F52300E26254 /* Project object */;
			proxyType = 1;
			remoteGlobalIDString = ED90EAF62B36F52300E26254;
			remoteInfo = Headway;
		};
		ED90EB122B36F52400E26254 /* PBXContainerItemProxy */ = {
			isa = PBXContainerItemProxy;
			containerPortal = ED90EAEF2B36F52300E26254 /* Project object */;
			proxyType = 1;
			remoteGlobalIDString = ED90EAF62B36F52300E26254;
			remoteInfo = Headway;
		};
/* End PBXContainerItemProxy section */

/* Begin PBXFileReference section */
		ED90EAF72B36F52300E26254 /* Headway.app */ = {isa = PBXFileReference; explicitFileType = wrapper.application; includeInIndex = 0; path = Headway.app; sourceTree = BUILT_PRODUCTS_DIR; };
		ED90EAFA2B36F52300E26254 /* HeadwayApp.swift */ = {isa = PBXFileReference; lastKnownFileType = sourcecode.swift; path = HeadwayApp.swift; sourceTree = "<group>"; };
		ED90EAFE2B36F52400E26254 /* Assets.xcassets */ = {isa = PBXFileReference; lastKnownFileType = folder.assetcatalog; path = Assets.xcassets; sourceTree = "<group>"; };
		ED90EB012B36F52400E26254 /* Preview Assets.xcassets */ = {isa = PBXFileReference; lastKnownFileType = folder.assetcatalog; path = "Preview Assets.xcassets"; sourceTree = "<group>"; };
		ED90EB072B36F52400E26254 /* HeadwayTests.xctest */ = {isa = PBXFileReference; explicitFileType = wrapper.cfbundle; includeInIndex = 0; path = HeadwayTests.xctest; sourceTree = BUILT_PRODUCTS_DIR; };
		ED90EB0B2B36F52400E26254 /* HeadwayTests.swift */ = {isa = PBXFileReference; lastKnownFileType = sourcecode.swift; path = HeadwayTests.swift; sourceTree = "<group>"; };
		ED90EB112B36F52400E26254 /* HeadwayUITests.xctest */ = {isa = PBXFileReference; explicitFileType = wrapper.cfbundle; includeInIndex = 0; path = HeadwayUITests.xctest; sourceTree = BUILT_PRODUCTS_DIR; };
		ED90EB152B36F52400E26254 /* HeadwayUITests.swift */ = {isa = PBXFileReference; lastKnownFileType = sourcecode.swift; path = HeadwayUITests.swift; sourceTree = "<group>"; };
		ED90EB172B36F52400E26254 /* HeadwayUITestsLaunchTests.swift */ = {isa = PBXFileReference; lastKnownFileType = sourcecode.swift; path = HeadwayUITestsLaunchTests.swift; sourceTree = "<group>"; };
		ED90EB262B36F5B800E26254 /* Book.swift */ = {isa = PBXFileReference; lastKnownFileType = sourcecode.swift; path = Book.swift; sourceTree = "<group>"; };
		ED90EB292B36F68F00E26254 /* LaunchView.swift */ = {isa = PBXFileReference; lastKnownFileType = sourcecode.swift; path = LaunchView.swift; sourceTree = "<group>"; };
		ED90EB342B36FC4100E26254 /* RootView.swift */ = {isa = PBXFileReference; lastKnownFileType = sourcecode.swift; path = RootView.swift; sourceTree = "<group>"; };
		ED90EB362B36FC4D00E26254 /* RootReducer.swift */ = {isa = PBXFileReference; lastKnownFileType = sourcecode.swift; path = RootReducer.swift; sourceTree = "<group>"; };
		ED90EB422B370FC400E26254 /* BookDetailsView.swift */ = {isa = PBXFileReference; lastKnownFileType = sourcecode.swift; path = BookDetailsView.swift; sourceTree = "<group>"; };
		ED90EB482B3729E600E26254 /* 1.chapter_1.mp3 */ = {isa = PBXFileReference; lastKnownFileType = audio.mp3; path = 1.chapter_1.mp3; sourceTree = "<group>"; };
		ED90EB492B3729E600E26254 /* 1.chapter_5.mp3 */ = {isa = PBXFileReference; lastKnownFileType = audio.mp3; path = 1.chapter_5.mp3; sourceTree = "<group>"; };
		ED90EB4A2B3729E700E26254 /* 1.chapter_7.mp3 */ = {isa = PBXFileReference; lastKnownFileType = audio.mp3; path = 1.chapter_7.mp3; sourceTree = "<group>"; };
		ED90EB4B2B3729E700E26254 /* 1.chapter_8.mp3 */ = {isa = PBXFileReference; lastKnownFileType = audio.mp3; path = 1.chapter_8.mp3; sourceTree = "<group>"; };
		ED90EB4C2B3729E700E26254 /* 1.introduction_0.mp3 */ = {isa = PBXFileReference; lastKnownFileType = audio.mp3; path = 1.introduction_0.mp3; sourceTree = "<group>"; };
		ED90EB4D2B3729E700E26254 /* 1.chapter_6.mp3 */ = {isa = PBXFileReference; lastKnownFileType = audio.mp3; path = 1.chapter_6.mp3; sourceTree = "<group>"; };
		ED90EB4E2B3729E700E26254 /* 1.chapter_2.mp3 */ = {isa = PBXFileReference; lastKnownFileType = audio.mp3; path = 1.chapter_2.mp3; sourceTree = "<group>"; };
		ED90EB4F2B3729E700E26254 /* 1.chapter_3.mp3 */ = {isa = PBXFileReference; lastKnownFileType = audio.mp3; path = 1.chapter_3.mp3; sourceTree = "<group>"; };
		ED90EB502B3729E700E26254 /* 1.chapter_4.mp3 */ = {isa = PBXFileReference; lastKnownFileType = audio.mp3; path = 1.chapter_4.mp3; sourceTree = "<group>"; };
		ED90EB5B2B372A3F00E26254 /* BookDetailsRepository.swift */ = {isa = PBXFileReference; lastKnownFileType = sourcecode.swift; path = BookDetailsRepository.swift; sourceTree = "<group>"; };
		ED90EB5D2B372EB700E26254 /* BookDetailsReducer.swift */ = {isa = PBXFileReference; lastKnownFileType = sourcecode.swift; path = BookDetailsReducer.swift; sourceTree = "<group>"; };
		ED90EB612B3772DE00E26254 /* AudioPlayerClient.swift */ = {isa = PBXFileReference; lastKnownFileType = sourcecode.swift; path = AudioPlayerClient.swift; sourceTree = "<group>"; };
		ED90EB632B38E03A00E26254 /* Playlist.swift */ = {isa = PBXFileReference; lastKnownFileType = sourcecode.swift; path = Playlist.swift; sourceTree = "<group>"; };
		ED90EB652B38E04D00E26254 /* Audio.swift */ = {isa = PBXFileReference; lastKnownFileType = sourcecode.swift; path = Audio.swift; sourceTree = "<group>"; };
		ED90EB672B38E09F00E26254 /* FileType.swift */ = {isa = PBXFileReference; lastKnownFileType = sourcecode.swift; path = FileType.swift; sourceTree = "<group>"; };
		ED90EB6A2B38E14900E26254 /* TimeInterval+Extensions.swift */ = {isa = PBXFileReference; lastKnownFileType = sourcecode.swift; path = "TimeInterval+Extensions.swift"; sourceTree = "<group>"; };
		ED90EB6F2B38F12E00E26254 /* PlayerState.swift */ = {isa = PBXFileReference; lastKnownFileType = sourcecode.swift; path = PlayerState.swift; sourceTree = "<group>"; };
		ED90EB712B38F1C300E26254 /* AudioInfoState+PlaybackSpeed.swift */ = {isa = PBXFileReference; lastKnownFileType = sourcecode.swift; path = "AudioInfoState+PlaybackSpeed.swift"; sourceTree = "<group>"; };
		ED90EB732B38F23000E26254 /* AudioInfoState+Slider.swift */ = {isa = PBXFileReference; lastKnownFileType = sourcecode.swift; path = "AudioInfoState+Slider.swift"; sourceTree = "<group>"; };
		ED90EB752B38F31C00E26254 /* PlayerControlsReducer+Audio.swift */ = {isa = PBXFileReference; lastKnownFileType = sourcecode.swift; path = "PlayerControlsReducer+Audio.swift"; sourceTree = "<group>"; };
		ED90EB772B38F36700E26254 /* PlayerControlsReducer+AudioInfoState.swift */ = {isa = PBXFileReference; lastKnownFileType = sourcecode.swift; path = "PlayerControlsReducer+AudioInfoState.swift"; sourceTree = "<group>"; };
		ED90EB792B38F42000E26254 /* PlayerControlsReducer+PlayerAction.swift */ = {isa = PBXFileReference; lastKnownFileType = sourcecode.swift; path = "PlayerControlsReducer+PlayerAction.swift"; sourceTree = "<group>"; };
		ED90EB7C2B397D2400E26254 /* AudioPlayerClient+Extensions.swift */ = {isa = PBXFileReference; lastKnownFileType = sourcecode.swift; path = "AudioPlayerClient+Extensions.swift"; sourceTree = "<group>"; };
		ED90EB7F2B397E5200E26254 /* PlayerControlsView.swift */ = {isa = PBXFileReference; lastKnownFileType = sourcecode.swift; path = PlayerControlsView.swift; sourceTree = "<group>"; };
		ED90EB812B397EC900E26254 /* PlayerControlsReducer.swift */ = {isa = PBXFileReference; lastKnownFileType = sourcecode.swift; path = PlayerControlsReducer.swift; sourceTree = "<group>"; };
		ED9D0F702B39993C00E17618 /* PlayerControlsView+Extensions.swift */ = {isa = PBXFileReference; lastKnownFileType = sourcecode.swift; path = "PlayerControlsView+Extensions.swift"; sourceTree = "<group>"; };
/* End PBXFileReference section */

/* Begin PBXFrameworksBuildPhase section */
		ED90EAF42B36F52300E26254 /* Frameworks */ = {
			isa = PBXFrameworksBuildPhase;
			buildActionMask = 2147483647;
			files = (
				ED90EB322B36FB2800E26254 /* ComposableArchitecture in Frameworks */,
			);
			runOnlyForDeploymentPostprocessing = 0;
		};
		ED90EB042B36F52400E26254 /* Frameworks */ = {
			isa = PBXFrameworksBuildPhase;
			buildActionMask = 2147483647;
			files = (
			);
			runOnlyForDeploymentPostprocessing = 0;
		};
		ED90EB0E2B36F52400E26254 /* Frameworks */ = {
			isa = PBXFrameworksBuildPhase;
			buildActionMask = 2147483647;
			files = (
			);
			runOnlyForDeploymentPostprocessing = 0;
		};
/* End PBXFrameworksBuildPhase section */

/* Begin PBXGroup section */
		ED90EAEE2B36F52300E26254 = {
			isa = PBXGroup;
			children = (
				ED90EAF92B36F52300E26254 /* Headway */,
				ED90EB0A2B36F52400E26254 /* HeadwayTests */,
				ED90EB142B36F52400E26254 /* HeadwayUITests */,
				ED90EAF82B36F52300E26254 /* Products */,
			);
			sourceTree = "<group>";
		};
		ED90EAF82B36F52300E26254 /* Products */ = {
			isa = PBXGroup;
			children = (
				ED90EAF72B36F52300E26254 /* Headway.app */,
				ED90EB072B36F52400E26254 /* HeadwayTests.xctest */,
				ED90EB112B36F52400E26254 /* HeadwayUITests.xctest */,
			);
			name = Products;
			sourceTree = "<group>";
		};
		ED90EAF92B36F52300E26254 /* Headway */ = {
			isa = PBXGroup;
			children = (
				ED90EB442B37299600E26254 /* Materials */,
				ED90EB282B36F68300E26254 /* Common */,
				ED90EB252B36F5A600E26254 /* Domain */,
				ED90EB242B36F59200E26254 /* Features */,
				ED90EAFA2B36F52300E26254 /* HeadwayApp.swift */,
				ED90EAFE2B36F52400E26254 /* Assets.xcassets */,
				ED90EB002B36F52400E26254 /* Preview Content */,
			);
			path = Headway;
			sourceTree = "<group>";
		};
		ED90EB002B36F52400E26254 /* Preview Content */ = {
			isa = PBXGroup;
			children = (
				ED90EB012B36F52400E26254 /* Preview Assets.xcassets */,
			);
			path = "Preview Content";
			sourceTree = "<group>";
		};
		ED90EB0A2B36F52400E26254 /* HeadwayTests */ = {
			isa = PBXGroup;
			children = (
				ED90EB0B2B36F52400E26254 /* HeadwayTests.swift */,
			);
			path = HeadwayTests;
			sourceTree = "<group>";
		};
		ED90EB142B36F52400E26254 /* HeadwayUITests */ = {
			isa = PBXGroup;
			children = (
				ED90EB152B36F52400E26254 /* HeadwayUITests.swift */,
				ED90EB172B36F52400E26254 /* HeadwayUITestsLaunchTests.swift */,
			);
			path = HeadwayUITests;
			sourceTree = "<group>";
		};
		ED90EB242B36F59200E26254 /* Features */ = {
			isa = PBXGroup;
			children = (
				ED90EB412B370FB400E26254 /* BookDetails */,
				ED90EB332B36FC3600E26254 /* Root */,
			);
			path = Features;
			sourceTree = "<group>";
		};
		ED90EB252B36F5A600E26254 /* Domain */ = {
			isa = PBXGroup;
			children = (
				ED90EB262B36F5B800E26254 /* Book.swift */,
				ED90EB632B38E03A00E26254 /* Playlist.swift */,
				ED90EB652B38E04D00E26254 /* Audio.swift */,
				ED90EB672B38E09F00E26254 /* FileType.swift */,
				ED90EB6F2B38F12E00E26254 /* PlayerState.swift */,
			);
			path = Domain;
			sourceTree = "<group>";
		};
		ED90EB282B36F68300E26254 /* Common */ = {
			isa = PBXGroup;
			children = (
				ED90EB7B2B38F71B00E26254 /* Player */,
				ED90EB692B38E13800E26254 /* Extensions */,
				ED90EB3A2B36FE8B00E26254 /* LaunchFeature */,
			);
			path = Common;
			sourceTree = "<group>";
		};
		ED90EB332B36FC3600E26254 /* Root */ = {
			isa = PBXGroup;
			children = (
				ED90EB342B36FC4100E26254 /* RootView.swift */,
				ED90EB362B36FC4D00E26254 /* RootReducer.swift */,
			);
			path = Root;
			sourceTree = "<group>";
		};
		ED90EB3A2B36FE8B00E26254 /* LaunchFeature */ = {
			isa = PBXGroup;
			children = (
				ED90EB292B36F68F00E26254 /* LaunchView.swift */,
			);
			path = LaunchFeature;
			sourceTree = "<group>";
		};
		ED90EB412B370FB400E26254 /* BookDetails */ = {
			isa = PBXGroup;
			children = (
				ED90EB7E2B397E4000E26254 /* Subview */,
				ED90EB5A2B372A2800E26254 /* Repository */,
				ED90EB6C2B38F11100E26254 /* Domain */,
				ED90EB5D2B372EB700E26254 /* BookDetailsReducer.swift */,
				ED90EB422B370FC400E26254 /* BookDetailsView.swift */,
			);
			path = BookDetails;
			sourceTree = "<group>";
		};
		ED90EB442B37299600E26254 /* Materials */ = {
			isa = PBXGroup;
			children = (
				ED90EB482B3729E600E26254 /* 1.chapter_1.mp3 */,
				ED90EB4E2B3729E700E26254 /* 1.chapter_2.mp3 */,
				ED90EB4F2B3729E700E26254 /* 1.chapter_3.mp3 */,
				ED90EB502B3729E700E26254 /* 1.chapter_4.mp3 */,
				ED90EB492B3729E600E26254 /* 1.chapter_5.mp3 */,
				ED90EB4D2B3729E700E26254 /* 1.chapter_6.mp3 */,
				ED90EB4A2B3729E700E26254 /* 1.chapter_7.mp3 */,
				ED90EB4B2B3729E700E26254 /* 1.chapter_8.mp3 */,
				ED90EB4C2B3729E700E26254 /* 1.introduction_0.mp3 */,
			);
			path = Materials;
			sourceTree = "<group>";
		};
		ED90EB5A2B372A2800E26254 /* Repository */ = {
			isa = PBXGroup;
			children = (
				ED90EB5B2B372A3F00E26254 /* BookDetailsRepository.swift */,
			);
			path = Repository;
			sourceTree = "<group>";
		};
		ED90EB692B38E13800E26254 /* Extensions */ = {
			isa = PBXGroup;
			children = (
				ED90EB6A2B38E14900E26254 /* TimeInterval+Extensions.swift */,
			);
			path = Extensions;
			sourceTree = "<group>";
		};
		ED90EB6C2B38F11100E26254 /* Domain */ = {
			isa = PBXGroup;
			children = (
				ED90EB712B38F1C300E26254 /* AudioInfoState+PlaybackSpeed.swift */,
				ED90EB732B38F23000E26254 /* AudioInfoState+Slider.swift */,
				ED90EB752B38F31C00E26254 /* PlayerControlsReducer+Audio.swift */,
				ED90EB772B38F36700E26254 /* PlayerControlsReducer+AudioInfoState.swift */,
				ED90EB792B38F42000E26254 /* PlayerControlsReducer+PlayerAction.swift */,
			);
			path = Domain;
			sourceTree = "<group>";
		};
		ED90EB7B2B38F71B00E26254 /* Player */ = {
			isa = PBXGroup;
			children = (
				ED90EB612B3772DE00E26254 /* AudioPlayerClient.swift */,
				ED90EB7C2B397D2400E26254 /* AudioPlayerClient+Extensions.swift */,
			);
			path = Player;
			sourceTree = "<group>";
		};
		ED90EB7E2B397E4000E26254 /* Subview */ = {
			isa = PBXGroup;
			children = (
				ED9D0F6F2B39992E00E17618 /* Extensions */,
				ED90EB7F2B397E5200E26254 /* PlayerControlsView.swift */,
				ED90EB812B397EC900E26254 /* PlayerControlsReducer.swift */,
			);
			path = Subview;
			sourceTree = "<group>";
		};
		ED9D0F6F2B39992E00E17618 /* Extensions */ = {
			isa = PBXGroup;
			children = (
				ED9D0F702B39993C00E17618 /* PlayerControlsView+Extensions.swift */,
			);
			path = Extensions;
			sourceTree = "<group>";
		};
/* End PBXGroup section */

/* Begin PBXNativeTarget section */
		ED90EAF62B36F52300E26254 /* Headway */ = {
			isa = PBXNativeTarget;
			buildConfigurationList = ED90EB1B2B36F52400E26254 /* Build configuration list for PBXNativeTarget "Headway" */;
			buildPhases = (
				ED90EAF32B36F52300E26254 /* Sources */,
				ED90EAF42B36F52300E26254 /* Frameworks */,
				ED90EAF52B36F52300E26254 /* Resources */,
			);
			buildRules = (
			);
			dependencies = (
			);
			name = Headway;
			packageProductDependencies = (
				ED90EB312B36FB2800E26254 /* ComposableArchitecture */,
			);
			productName = Headway;
			productReference = ED90EAF72B36F52300E26254 /* Headway.app */;
			productType = "com.apple.product-type.application";
		};
		ED90EB062B36F52400E26254 /* HeadwayTests */ = {
			isa = PBXNativeTarget;
			buildConfigurationList = ED90EB1E2B36F52400E26254 /* Build configuration list for PBXNativeTarget "HeadwayTests" */;
			buildPhases = (
				ED90EB032B36F52400E26254 /* Sources */,
				ED90EB042B36F52400E26254 /* Frameworks */,
				ED90EB052B36F52400E26254 /* Resources */,
			);
			buildRules = (
			);
			dependencies = (
				ED90EB092B36F52400E26254 /* PBXTargetDependency */,
			);
			name = HeadwayTests;
			productName = HeadwayTests;
			productReference = ED90EB072B36F52400E26254 /* HeadwayTests.xctest */;
			productType = "com.apple.product-type.bundle.unit-test";
		};
		ED90EB102B36F52400E26254 /* HeadwayUITests */ = {
			isa = PBXNativeTarget;
			buildConfigurationList = ED90EB212B36F52400E26254 /* Build configuration list for PBXNativeTarget "HeadwayUITests" */;
			buildPhases = (
				ED90EB0D2B36F52400E26254 /* Sources */,
				ED90EB0E2B36F52400E26254 /* Frameworks */,
				ED90EB0F2B36F52400E26254 /* Resources */,
			);
			buildRules = (
			);
			dependencies = (
				ED90EB132B36F52400E26254 /* PBXTargetDependency */,
			);
			name = HeadwayUITests;
			productName = HeadwayUITests;
			productReference = ED90EB112B36F52400E26254 /* HeadwayUITests.xctest */;
			productType = "com.apple.product-type.bundle.ui-testing";
		};
/* End PBXNativeTarget section */

/* Begin PBXProject section */
		ED90EAEF2B36F52300E26254 /* Project object */ = {
			isa = PBXProject;
			attributes = {
				BuildIndependentTargetsInParallel = 1;
				LastSwiftUpdateCheck = 1500;
				LastUpgradeCheck = 1500;
				TargetAttributes = {
					ED90EAF62B36F52300E26254 = {
						CreatedOnToolsVersion = 15.0;
					};
					ED90EB062B36F52400E26254 = {
						CreatedOnToolsVersion = 15.0;
						TestTargetID = ED90EAF62B36F52300E26254;
					};
					ED90EB102B36F52400E26254 = {
						CreatedOnToolsVersion = 15.0;
						TestTargetID = ED90EAF62B36F52300E26254;
					};
				};
			};
			buildConfigurationList = ED90EAF22B36F52300E26254 /* Build configuration list for PBXProject "Headway" */;
			compatibilityVersion = "Xcode 14.0";
			developmentRegion = en;
			hasScannedForEncodings = 0;
			knownRegions = (
				en,
				Base,
			);
			mainGroup = ED90EAEE2B36F52300E26254;
			packageReferences = (
				ED90EB302B36FB2800E26254 /* XCRemoteSwiftPackageReference "swift-composable-architecture" */,
			);
			productRefGroup = ED90EAF82B36F52300E26254 /* Products */;
			projectDirPath = "";
			projectRoot = "";
			targets = (
				ED90EAF62B36F52300E26254 /* Headway */,
				ED90EB062B36F52400E26254 /* HeadwayTests */,
				ED90EB102B36F52400E26254 /* HeadwayUITests */,
			);
		};
/* End PBXProject section */

/* Begin PBXResourcesBuildPhase section */
		ED90EAF52B36F52300E26254 /* Resources */ = {
			isa = PBXResourcesBuildPhase;
			buildActionMask = 2147483647;
			files = (
				ED90EB552B3729E700E26254 /* 1.introduction_0.mp3 in Resources */,
				ED90EB522B3729E700E26254 /* 1.chapter_5.mp3 in Resources */,
				ED90EB532B3729E700E26254 /* 1.chapter_7.mp3 in Resources */,
				ED90EB022B36F52400E26254 /* Preview Assets.xcassets in Resources */,
				ED90EB562B3729E700E26254 /* 1.chapter_6.mp3 in Resources */,
				ED90EB582B3729E700E26254 /* 1.chapter_3.mp3 in Resources */,
				ED90EAFF2B36F52400E26254 /* Assets.xcassets in Resources */,
				ED90EB542B3729E700E26254 /* 1.chapter_8.mp3 in Resources */,
				ED90EB572B3729E700E26254 /* 1.chapter_2.mp3 in Resources */,
				ED90EB592B3729E700E26254 /* 1.chapter_4.mp3 in Resources */,
				ED90EB512B3729E700E26254 /* 1.chapter_1.mp3 in Resources */,
			);
			runOnlyForDeploymentPostprocessing = 0;
		};
		ED90EB052B36F52400E26254 /* Resources */ = {
			isa = PBXResourcesBuildPhase;
			buildActionMask = 2147483647;
			files = (
			);
			runOnlyForDeploymentPostprocessing = 0;
		};
		ED90EB0F2B36F52400E26254 /* Resources */ = {
			isa = PBXResourcesBuildPhase;
			buildActionMask = 2147483647;
			files = (
			);
			runOnlyForDeploymentPostprocessing = 0;
		};
/* End PBXResourcesBuildPhase section */

/* Begin PBXSourcesBuildPhase section */
		ED90EAF32B36F52300E26254 /* Sources */ = {
			isa = PBXSourcesBuildPhase;
			buildActionMask = 2147483647;
			files = (
				ED90EB352B36FC4100E26254 /* RootView.swift in Sources */,
				ED90EB622B3772DE00E26254 /* AudioPlayerClient.swift in Sources */,
				ED90EB802B397E5200E26254 /* PlayerControlsView.swift in Sources */,
				ED90EB272B36F5B800E26254 /* Book.swift in Sources */,
				ED90EB742B38F23000E26254 /* AudioInfoState+Slider.swift in Sources */,
				ED90EB7A2B38F42000E26254 /* PlayerControlsReducer+PlayerAction.swift in Sources */,
				ED90EB2A2B36F68F00E26254 /* LaunchView.swift in Sources */,
				ED90EB5C2B372A3F00E26254 /* BookDetailsRepository.swift in Sources */,
				ED90EB782B38F36700E26254 /* PlayerControlsReducer+AudioInfoState.swift in Sources */,
				ED90EB682B38E09F00E26254 /* FileType.swift in Sources */,
				ED90EB762B38F31C00E26254 /* PlayerControlsReducer+Audio.swift in Sources */,
				ED90EB7D2B397D2400E26254 /* AudioPlayerClient+Extensions.swift in Sources */,
				ED90EB662B38E04D00E26254 /* Audio.swift in Sources */,
				ED90EAFB2B36F52300E26254 /* HeadwayApp.swift in Sources */,
				ED90EB432B370FC500E26254 /* BookDetailsView.swift in Sources */,
				ED90EB6B2B38E14900E26254 /* TimeInterval+Extensions.swift in Sources */,
				ED90EB702B38F12E00E26254 /* PlayerState.swift in Sources */,
				ED90EB372B36FC4D00E26254 /* RootReducer.swift in Sources */,
				ED90EB5E2B372EB700E26254 /* BookDetailsReducer.swift in Sources */,
				ED90EB722B38F1C300E26254 /* AudioInfoState+PlaybackSpeed.swift in Sources */,
				ED90EB642B38E03A00E26254 /* Playlist.swift in Sources */,
				ED9D0F712B39993C00E17618 /* PlayerControlsView+Extensions.swift in Sources */,
				ED90EB822B397EC900E26254 /* PlayerControlsReducer.swift in Sources */,
			);
			runOnlyForDeploymentPostprocessing = 0;
		};
		ED90EB032B36F52400E26254 /* Sources */ = {
			isa = PBXSourcesBuildPhase;
			buildActionMask = 2147483647;
			files = (
				ED90EB0C2B36F52400E26254 /* HeadwayTests.swift in Sources */,
			);
			runOnlyForDeploymentPostprocessing = 0;
		};
		ED90EB0D2B36F52400E26254 /* Sources */ = {
			isa = PBXSourcesBuildPhase;
			buildActionMask = 2147483647;
			files = (
				ED90EB182B36F52400E26254 /* HeadwayUITestsLaunchTests.swift in Sources */,
				ED90EB162B36F52400E26254 /* HeadwayUITests.swift in Sources */,
			);
			runOnlyForDeploymentPostprocessing = 0;
		};
/* End PBXSourcesBuildPhase section */

/* Begin PBXTargetDependency section */
		ED90EB092B36F52400E26254 /* PBXTargetDependency */ = {
			isa = PBXTargetDependency;
			target = ED90EAF62B36F52300E26254 /* Headway */;
			targetProxy = ED90EB082B36F52400E26254 /* PBXContainerItemProxy */;
		};
		ED90EB132B36F52400E26254 /* PBXTargetDependency */ = {
			isa = PBXTargetDependency;
			target = ED90EAF62B36F52300E26254 /* Headway */;
			targetProxy = ED90EB122B36F52400E26254 /* PBXContainerItemProxy */;
		};
/* End PBXTargetDependency section */

/* Begin XCBuildConfiguration section */
		ED90EB192B36F52400E26254 /* Debug */ = {
			isa = XCBuildConfiguration;
			buildSettings = {
				ALWAYS_SEARCH_USER_PATHS = NO;
				ASSETCATALOG_COMPILER_GENERATE_SWIFT_ASSET_SYMBOL_EXTENSIONS = YES;
				CLANG_ANALYZER_NONNULL = YES;
				CLANG_ANALYZER_NUMBER_OBJECT_CONVERSION = YES_AGGRESSIVE;
				CLANG_CXX_LANGUAGE_STANDARD = "gnu++20";
				CLANG_ENABLE_MODULES = YES;
				CLANG_ENABLE_OBJC_ARC = YES;
				CLANG_ENABLE_OBJC_WEAK = YES;
				CLANG_WARN_BLOCK_CAPTURE_AUTORELEASING = YES;
				CLANG_WARN_BOOL_CONVERSION = YES;
				CLANG_WARN_COMMA = YES;
				CLANG_WARN_CONSTANT_CONVERSION = YES;
				CLANG_WARN_DEPRECATED_OBJC_IMPLEMENTATIONS = YES;
				CLANG_WARN_DIRECT_OBJC_ISA_USAGE = YES_ERROR;
				CLANG_WARN_DOCUMENTATION_COMMENTS = YES;
				CLANG_WARN_EMPTY_BODY = YES;
				CLANG_WARN_ENUM_CONVERSION = YES;
				CLANG_WARN_INFINITE_RECURSION = YES;
				CLANG_WARN_INT_CONVERSION = YES;
				CLANG_WARN_NON_LITERAL_NULL_CONVERSION = YES;
				CLANG_WARN_OBJC_IMPLICIT_RETAIN_SELF = YES;
				CLANG_WARN_OBJC_LITERAL_CONVERSION = YES;
				CLANG_WARN_OBJC_ROOT_CLASS = YES_ERROR;
				CLANG_WARN_QUOTED_INCLUDE_IN_FRAMEWORK_HEADER = YES;
				CLANG_WARN_RANGE_LOOP_ANALYSIS = YES;
				CLANG_WARN_STRICT_PROTOTYPES = YES;
				CLANG_WARN_SUSPICIOUS_MOVE = YES;
				CLANG_WARN_UNGUARDED_AVAILABILITY = YES_AGGRESSIVE;
				CLANG_WARN_UNREACHABLE_CODE = YES;
				CLANG_WARN__DUPLICATE_METHOD_MATCH = YES;
				COPY_PHASE_STRIP = NO;
				DEBUG_INFORMATION_FORMAT = dwarf;
				ENABLE_STRICT_OBJC_MSGSEND = YES;
				ENABLE_TESTABILITY = YES;
				ENABLE_USER_SCRIPT_SANDBOXING = YES;
				GCC_C_LANGUAGE_STANDARD = gnu17;
				GCC_DYNAMIC_NO_PIC = NO;
				GCC_NO_COMMON_BLOCKS = YES;
				GCC_OPTIMIZATION_LEVEL = 0;
				GCC_PREPROCESSOR_DEFINITIONS = (
					"DEBUG=1",
					"$(inherited)",
				);
				GCC_WARN_64_TO_32_BIT_CONVERSION = YES;
				GCC_WARN_ABOUT_RETURN_TYPE = YES_ERROR;
				GCC_WARN_UNDECLARED_SELECTOR = YES;
				GCC_WARN_UNINITIALIZED_AUTOS = YES_AGGRESSIVE;
				GCC_WARN_UNUSED_FUNCTION = YES;
				GCC_WARN_UNUSED_VARIABLE = YES;
				IPHONEOS_DEPLOYMENT_TARGET = 17.0;
				LOCALIZATION_PREFERS_STRING_CATALOGS = YES;
				MTL_ENABLE_DEBUG_INFO = INCLUDE_SOURCE;
				MTL_FAST_MATH = YES;
				ONLY_ACTIVE_ARCH = YES;
				SDKROOT = iphoneos;
				SWIFT_ACTIVE_COMPILATION_CONDITIONS = "DEBUG $(inherited)";
				SWIFT_OPTIMIZATION_LEVEL = "-Onone";
			};
			name = Debug;
		};
		ED90EB1A2B36F52400E26254 /* Release */ = {
			isa = XCBuildConfiguration;
			buildSettings = {
				ALWAYS_SEARCH_USER_PATHS = NO;
				ASSETCATALOG_COMPILER_GENERATE_SWIFT_ASSET_SYMBOL_EXTENSIONS = YES;
				CLANG_ANALYZER_NONNULL = YES;
				CLANG_ANALYZER_NUMBER_OBJECT_CONVERSION = YES_AGGRESSIVE;
				CLANG_CXX_LANGUAGE_STANDARD = "gnu++20";
				CLANG_ENABLE_MODULES = YES;
				CLANG_ENABLE_OBJC_ARC = YES;
				CLANG_ENABLE_OBJC_WEAK = YES;
				CLANG_WARN_BLOCK_CAPTURE_AUTORELEASING = YES;
				CLANG_WARN_BOOL_CONVERSION = YES;
				CLANG_WARN_COMMA = YES;
				CLANG_WARN_CONSTANT_CONVERSION = YES;
				CLANG_WARN_DEPRECATED_OBJC_IMPLEMENTATIONS = YES;
				CLANG_WARN_DIRECT_OBJC_ISA_USAGE = YES_ERROR;
				CLANG_WARN_DOCUMENTATION_COMMENTS = YES;
				CLANG_WARN_EMPTY_BODY = YES;
				CLANG_WARN_ENUM_CONVERSION = YES;
				CLANG_WARN_INFINITE_RECURSION = YES;
				CLANG_WARN_INT_CONVERSION = YES;
				CLANG_WARN_NON_LITERAL_NULL_CONVERSION = YES;
				CLANG_WARN_OBJC_IMPLICIT_RETAIN_SELF = YES;
				CLANG_WARN_OBJC_LITERAL_CONVERSION = YES;
				CLANG_WARN_OBJC_ROOT_CLASS = YES_ERROR;
				CLANG_WARN_QUOTED_INCLUDE_IN_FRAMEWORK_HEADER = YES;
				CLANG_WARN_RANGE_LOOP_ANALYSIS = YES;
				CLANG_WARN_STRICT_PROTOTYPES = YES;
				CLANG_WARN_SUSPICIOUS_MOVE = YES;
				CLANG_WARN_UNGUARDED_AVAILABILITY = YES_AGGRESSIVE;
				CLANG_WARN_UNREACHABLE_CODE = YES;
				CLANG_WARN__DUPLICATE_METHOD_MATCH = YES;
				COPY_PHASE_STRIP = NO;
				DEBUG_INFORMATION_FORMAT = "dwarf-with-dsym";
				ENABLE_NS_ASSERTIONS = NO;
				ENABLE_STRICT_OBJC_MSGSEND = YES;
				ENABLE_USER_SCRIPT_SANDBOXING = YES;
				GCC_C_LANGUAGE_STANDARD = gnu17;
				GCC_NO_COMMON_BLOCKS = YES;
				GCC_WARN_64_TO_32_BIT_CONVERSION = YES;
				GCC_WARN_ABOUT_RETURN_TYPE = YES_ERROR;
				GCC_WARN_UNDECLARED_SELECTOR = YES;
				GCC_WARN_UNINITIALIZED_AUTOS = YES_AGGRESSIVE;
				GCC_WARN_UNUSED_FUNCTION = YES;
				GCC_WARN_UNUSED_VARIABLE = YES;
				IPHONEOS_DEPLOYMENT_TARGET = 17.0;
				LOCALIZATION_PREFERS_STRING_CATALOGS = YES;
				MTL_ENABLE_DEBUG_INFO = NO;
				MTL_FAST_MATH = YES;
				SDKROOT = iphoneos;
				SWIFT_COMPILATION_MODE = wholemodule;
				VALIDATE_PRODUCT = YES;
			};
			name = Release;
		};
		ED90EB1C2B36F52400E26254 /* Debug */ = {
			isa = XCBuildConfiguration;
			buildSettings = {
				ASSETCATALOG_COMPILER_APPICON_NAME = AppIcon;
				ASSETCATALOG_COMPILER_GLOBAL_ACCENT_COLOR_NAME = AccentColor;
				CODE_SIGN_STYLE = Manual;
				CURRENT_PROJECT_VERSION = 1;
				DEVELOPMENT_ASSET_PATHS = "\"Headway/Preview Content\"";
				DEVELOPMENT_TEAM = "";
				ENABLE_PREVIEWS = YES;
				GENERATE_INFOPLIST_FILE = YES;
				INFOPLIST_KEY_CFBundleDisplayName = Headway;
				INFOPLIST_KEY_LSApplicationCategoryType = "public.app-category.books";
				INFOPLIST_KEY_UIApplicationSceneManifest_Generation = YES;
				INFOPLIST_KEY_UIApplicationSupportsIndirectInputEvents = YES;
				INFOPLIST_KEY_UILaunchScreen_Generation = YES;
				INFOPLIST_KEY_UISupportedInterfaceOrientations = UIInterfaceOrientationPortrait;
				LD_RUNPATH_SEARCH_PATHS = (
					"$(inherited)",
					"@executable_path/Frameworks",
				);
				MARKETING_VERSION = 1.0;
				PRODUCT_BUNDLE_IDENTIFIER = com.glebserediuk.Headway;
				PRODUCT_NAME = "$(TARGET_NAME)";
				PROVISIONING_PROFILE_SPECIFIER = "";
				SUPPORTED_PLATFORMS = "iphoneos iphonesimulator";
				SUPPORTS_MACCATALYST = NO;
				SUPPORTS_MAC_DESIGNED_FOR_IPHONE_IPAD = NO;
				SWIFT_EMIT_LOC_STRINGS = YES;
				SWIFT_VERSION = 5.0;
				TARGETED_DEVICE_FAMILY = 1;
			};
			name = Debug;
		};
		ED90EB1D2B36F52400E26254 /* Release */ = {
			isa = XCBuildConfiguration;
			buildSettings = {
				ASSETCATALOG_COMPILER_APPICON_NAME = AppIcon;
				ASSETCATALOG_COMPILER_GLOBAL_ACCENT_COLOR_NAME = AccentColor;
				CODE_SIGN_STYLE = Manual;
				CURRENT_PROJECT_VERSION = 1;
				DEVELOPMENT_ASSET_PATHS = "\"Headway/Preview Content\"";
				DEVELOPMENT_TEAM = "";
				ENABLE_PREVIEWS = YES;
				GENERATE_INFOPLIST_FILE = YES;
				INFOPLIST_KEY_CFBundleDisplayName = Headway;
				INFOPLIST_KEY_LSApplicationCategoryType = "public.app-category.books";
				INFOPLIST_KEY_UIApplicationSceneManifest_Generation = YES;
				INFOPLIST_KEY_UIApplicationSupportsIndirectInputEvents = YES;
				INFOPLIST_KEY_UILaunchScreen_Generation = YES;
				INFOPLIST_KEY_UISupportedInterfaceOrientations = UIInterfaceOrientationPortrait;
				LD_RUNPATH_SEARCH_PATHS = (
					"$(inherited)",
					"@executable_path/Frameworks",
				);
				MARKETING_VERSION = 1.0;
				PRODUCT_BUNDLE_IDENTIFIER = com.glebserediuk.Headway;
				PRODUCT_NAME = "$(TARGET_NAME)";
				PROVISIONING_PROFILE_SPECIFIER = "";
				SUPPORTED_PLATFORMS = "iphoneos iphonesimulator";
				SUPPORTS_MACCATALYST = NO;
				SUPPORTS_MAC_DESIGNED_FOR_IPHONE_IPAD = NO;
				SWIFT_EMIT_LOC_STRINGS = YES;
				SWIFT_VERSION = 5.0;
				TARGETED_DEVICE_FAMILY = 1;
			};
			name = Release;
		};
		ED90EB1F2B36F52400E26254 /* Debug */ = {
			isa = XCBuildConfiguration;
			buildSettings = {
				ALWAYS_EMBED_SWIFT_STANDARD_LIBRARIES = YES;
				BUNDLE_LOADER = "$(TEST_HOST)";
				CODE_SIGN_STYLE = Automatic;
				CURRENT_PROJECT_VERSION = 1;
				DEVELOPMENT_TEAM = BB7GUX577N;
				GENERATE_INFOPLIST_FILE = YES;
				IPHONEOS_DEPLOYMENT_TARGET = 17.0;
				MARKETING_VERSION = 1.0;
				PRODUCT_BUNDLE_IDENTIFIER = com.glebserediuk.HeadwayTests;
				PRODUCT_NAME = "$(TARGET_NAME)";
				SWIFT_EMIT_LOC_STRINGS = NO;
				SWIFT_VERSION = 5.0;
				TARGETED_DEVICE_FAMILY = "1,2";
				TEST_HOST = "$(BUILT_PRODUCTS_DIR)/Headway.app/$(BUNDLE_EXECUTABLE_FOLDER_PATH)/Headway";
			};
			name = Debug;
		};
		ED90EB202B36F52400E26254 /* Release */ = {
			isa = XCBuildConfiguration;
			buildSettings = {
				ALWAYS_EMBED_SWIFT_STANDARD_LIBRARIES = YES;
				BUNDLE_LOADER = "$(TEST_HOST)";
				CODE_SIGN_STYLE = Automatic;
				CURRENT_PROJECT_VERSION = 1;
				DEVELOPMENT_TEAM = BB7GUX577N;
				GENERATE_INFOPLIST_FILE = YES;
				IPHONEOS_DEPLOYMENT_TARGET = 17.0;
				MARKETING_VERSION = 1.0;
				PRODUCT_BUNDLE_IDENTIFIER = com.glebserediuk.HeadwayTests;
				PRODUCT_NAME = "$(TARGET_NAME)";
				SWIFT_EMIT_LOC_STRINGS = NO;
				SWIFT_VERSION = 5.0;
				TARGETED_DEVICE_FAMILY = "1,2";
				TEST_HOST = "$(BUILT_PRODUCTS_DIR)/Headway.app/$(BUNDLE_EXECUTABLE_FOLDER_PATH)/Headway";
			};
			name = Release;
		};
		ED90EB222B36F52400E26254 /* Debug */ = {
			isa = XCBuildConfiguration;
			buildSettings = {
				ALWAYS_EMBED_SWIFT_STANDARD_LIBRARIES = YES;
				CODE_SIGN_STYLE = Automatic;
				CURRENT_PROJECT_VERSION = 1;
				DEVELOPMENT_TEAM = BB7GUX577N;
				GENERATE_INFOPLIST_FILE = YES;
				MARKETING_VERSION = 1.0;
				PRODUCT_BUNDLE_IDENTIFIER = com.glebserediuk.HeadwayUITests;
				PRODUCT_NAME = "$(TARGET_NAME)";
				SWIFT_EMIT_LOC_STRINGS = NO;
				SWIFT_VERSION = 5.0;
				TARGETED_DEVICE_FAMILY = "1,2";
				TEST_TARGET_NAME = Headway;
			};
			name = Debug;
		};
		ED90EB232B36F52400E26254 /* Release */ = {
			isa = XCBuildConfiguration;
			buildSettings = {
				ALWAYS_EMBED_SWIFT_STANDARD_LIBRARIES = YES;
				CODE_SIGN_STYLE = Automatic;
				CURRENT_PROJECT_VERSION = 1;
				DEVELOPMENT_TEAM = BB7GUX577N;
				GENERATE_INFOPLIST_FILE = YES;
				MARKETING_VERSION = 1.0;
				PRODUCT_BUNDLE_IDENTIFIER = com.glebserediuk.HeadwayUITests;
				PRODUCT_NAME = "$(TARGET_NAME)";
				SWIFT_EMIT_LOC_STRINGS = NO;
				SWIFT_VERSION = 5.0;
				TARGETED_DEVICE_FAMILY = "1,2";
				TEST_TARGET_NAME = Headway;
			};
			name = Release;
		};
/* End XCBuildConfiguration section */

/* Begin XCConfigurationList section */
		ED90EAF22B36F52300E26254 /* Build configuration list for PBXProject "Headway" */ = {
			isa = XCConfigurationList;
			buildConfigurations = (
				ED90EB192B36F52400E26254 /* Debug */,
				ED90EB1A2B36F52400E26254 /* Release */,
			);
			defaultConfigurationIsVisible = 0;
			defaultConfigurationName = Release;
		};
		ED90EB1B2B36F52400E26254 /* Build configuration list for PBXNativeTarget "Headway" */ = {
			isa = XCConfigurationList;
			buildConfigurations = (
				ED90EB1C2B36F52400E26254 /* Debug */,
				ED90EB1D2B36F52400E26254 /* Release */,
			);
			defaultConfigurationIsVisible = 0;
			defaultConfigurationName = Release;
		};
		ED90EB1E2B36F52400E26254 /* Build configuration list for PBXNativeTarget "HeadwayTests" */ = {
			isa = XCConfigurationList;
			buildConfigurations = (
				ED90EB1F2B36F52400E26254 /* Debug */,
				ED90EB202B36F52400E26254 /* Release */,
			);
			defaultConfigurationIsVisible = 0;
			defaultConfigurationName = Release;
		};
		ED90EB212B36F52400E26254 /* Build configuration list for PBXNativeTarget "HeadwayUITests" */ = {
			isa = XCConfigurationList;
			buildConfigurations = (
				ED90EB222B36F52400E26254 /* Debug */,
				ED90EB232B36F52400E26254 /* Release */,
			);
			defaultConfigurationIsVisible = 0;
			defaultConfigurationName = Release;
		};
/* End XCConfigurationList section */

/* Begin XCRemoteSwiftPackageReference section */
		ED90EB302B36FB2800E26254 /* XCRemoteSwiftPackageReference "swift-composable-architecture" */ = {
			isa = XCRemoteSwiftPackageReference;
			repositoryURL = "https://github.com/pointfreeco/swift-composable-architecture.git";
			requirement = {
				kind = exactVersion;
				version = 1.5.6;
			};
		};
/* End XCRemoteSwiftPackageReference section */

/* Begin XCSwiftPackageProductDependency section */
		ED90EB312B36FB2800E26254 /* ComposableArchitecture */ = {
			isa = XCSwiftPackageProductDependency;
			package = ED90EB302B36FB2800E26254 /* XCRemoteSwiftPackageReference "swift-composable-architecture" */;
			productName = ComposableArchitecture;
		};
/* End XCSwiftPackageProductDependency section */
	};
	rootObject = ED90EAEF2B36F52300E26254 /* Project object */;
}
